
Microsoft Visual Studio Solution File, Format Version 12.00
# Visual Studio Version 17
VisualStudioVersion = 17.10.35122.118
MinimumVisualStudioVersion = 10.0.40219.1
Project("{FAE04EC0-301F-11D3-BF4B-00C04F79EFBC}") = "Yarp.Test", "Yarp.Test\Yarp.Test.csproj", "{B55B24CB-B62B-4191-893B-314618BCB0A8}"
EndProject
Project("{FAE04EC0-301F-11D3-BF4B-00C04F79EFBC}") = "Api.Users", "Api.Users\Api.Users.csproj", "{BBAD2F34-473C-467A-B1B4-2DBD235B9143}"
EndProject
Global
	GlobalSection(SolutionConfigurationPlatforms) = preSolution
		Debug|Any CPU = Debug|Any CPU
		Release|Any CPU = Release|Any CPU
	EndGlobalSection
	GlobalSection(ProjectConfigurationPlatforms) = postSolution
		{B55B24CB-B62B-4191-893B-314618BCB0A8}.Debug|Any CPU.ActiveCfg = Debug|Any CPU
		{B55B24CB-B62B-4191-893B-314618BCB0A8}.Debug|Any CPU.Build.0 = Debug|Any CPU
		{B55B24CB-B62B-4191-893B-314618BCB0A8}.Release|Any CPU.ActiveCfg = Release|Any CPU
		{B55B24CB-B62B-4191-893B-314618BCB0A8}.Release|Any CPU.Build.0 = Release|Any CPU
		{BBAD2F34-473C-467A-B1B4-2DBD235B9143}.Debug|Any CPU.ActiveCfg = Debug|Any CPU
		{BBAD2F34-473C-467A-B1B4-2DBD235B9143}.Debug|Any CPU.Build.0 = Debug|Any CPU
		{BBAD2F34-473C-467A-B1B4-2DBD235B9143}.Release|Any CPU.ActiveCfg = Release|Any CPU
		{BBAD2F34-473C-467A-B1B4-2DBD235B9143}.Release|Any CPU.Build.0 = Release|Any CPU
	EndGlobalSection
	GlobalSection(SolutionProperties) = preSolution
		HideSolutionNode = FALSE
	EndGlobalSection
	GlobalSection(ExtensibilityGlobals) = postSolution
		SolutionGuid = {8A98A7BD-FBF1-415E-99C9-AB5F27361FA8}
	EndGlobalSection
EndGlobal
